Microsoft Visual Studio Solution File, Format Version 12.00
# Visual Studio Version 17
VisualStudioVersion = 17.5.2.0
MinimumVisualStudioVersion = 10.0.40219.1
Project("{FAE04EC0-301F-11D3-BF4B-00C04F79EFBC}") = "BE-dotnet", "BE-dotnet.csproj", "{2F39972C-2F68-B6FC-90CE-6AB78C12272F}"
EndProject
Global
	GlobalSection(SolutionConfigurationPlatforms) = preSolution
		Debug|Any CPU = Debug|Any CPU
		Release|Any CPU = Release|Any CPU
	EndGlobalSection
	GlobalSection(ProjectConfigurationPlatforms) = postSolution
		{2F39972C-2F68-B6FC-90CE-6AB78C12272F}.Debug|Any CPU.ActiveCfg = Debug|Any CPU
		{2F39972C-2F68-B6FC-90CE-6AB78C12272F}.Debug|Any CPU.Build.0 = Debug|Any CPU
		{2F39972C-2F68-B6FC-90CE-6AB78C12272F}.Release|Any CPU.ActiveCfg = Release|Any CPU
		{2F39972C-2F68-B6FC-90CE-6AB78C12272F}.Release|Any CPU.Build.0 = Release|Any CPU
	EndGlobalSection
	GlobalSection(SolutionProperties) = preSolution
		HideSolutionNode = FALSE
	EndGlobalSection
	GlobalSection(ExtensibilityGlobals) = postSolution
		SolutionGuid = {498BDA1D-9D9F-4B4B-AF0D-34443C30EB62}
	EndGlobalSection
EndGlobal
